{
    "_meta": {
        "hash": {
            "sha256": "d8f380d318469334a7dda19985f2d1ff56e6be33568b2673608e691b3a92ed49"
        },
        "pipfile-spec": 6,
        "requires": {
            "python_version": "3.8"
        },
        "sources": [
            {
                "name": "pypi",
                "url": "https://pypi.org/simple",
                "verify_ssl": true
            }
        ]
    },
    "default": {
        "aiohttp": {
            "hashes": [
                "sha256:173267050501e1537293df06723bc5e719990889e2820ba3932969983892e960",
                "sha256:438f1f1555c02c50894604d94944cff188fe138b46467b7fa99fdceb51ab5842",
                "sha256:90bed250d1435aef33a1f8c439c5056d5d25a44fe6caf33fcafafed805bad4dc",
                "sha256:93c3b14747413f38f094a60e98f55e73831f0c9a23ae7faa3dc97d8963e13021",
                "sha256:a6e70a38d883185b1921d8122759661c39ade54949770394412a9e713fec6fa7",
                "sha256:b5036133c1ba77ed5a70208d2a021a90b76fdf8bf523ae33dae46d4f4380d86f",
                "sha256:c138451a82cdbf65cddf952941d5c7a1a2cac8ce3bc618dee8d889e5251ec7a5",
                "sha256:c94770383e49f9cc5912b926364ad022a6c8a5dbf5498933ca3a5713c6daf738",
                "sha256:ea26536ae06df6dac021303a0df72c79e55512070e6a304ba93ad468a3a754dc"
            ],
            "index": "pypi",
            "version": "==4.0.0a1"
        },
        "async-timeout": {
            "hashes": [
                "sha256:0c3c816a028d47f659d6ff5c745cb2acf1f966da1fe5c19c77a70282b25f4c5f",
                "sha256:4291ca197d287d274d0b6cb5d6f8f8f82d434ed288f962539ff18cc9012f9ea3"
            ],
            "markers": "python_full_version >= '3.5.3'",
            "version": "==3.0.1"
        },
        "attrs": {
            "hashes": [
                "sha256:2d27e3784d7a565d36ab851fe94887c5eccd6a463168875832a1be79c82828b4",
                "sha256:626ba8234211db98e869df76230a137c4c40a12d72445c45d5f5b716f076e2fd"
            ],
            "markers": "python_version >= '2.7' and python_version not in '3.0, 3.1, 3.2, 3.3, 3.4'",
            "version": "==21.4.0"
        },
        "certifi": {
            "hashes": [
                "sha256:78884e7c1d4b00ce3cea67b44566851c4343c120abd683433ce934a68ea58872",
                "sha256:d62a0163eb4c2344ac042ab2bdf75399a71a2d8c7d47eac2e2ee91b9d6339569"
            ],
            "version": "==2021.10.8"
        },
        "chardet": {
            "hashes": [
                "sha256:84ab92ed1c4d4f16916e05906b6b75a6c0fb5db821cc65e70cbd64a3e2a5eaae",
                "sha256:fc323ffcaeaed0e0a02bf4d117757b98aed530d9ed4531e3e15460124c106691"
            ],
            "version": "==3.0.4"
        },
        "charset-normalizer": {
            "hashes": [
                "sha256:1eecaa09422db5be9e29d7fc65664e6c33bd06f9ced7838578ba40d58bdf3721",
                "sha256:b0b883e8e874edfdece9c28f314e3dd5badf067342e42fb162203335ae61aa2c"
            ],
            "markers": "python_version >= '3'",
            "version": "==2.0.9"
        },
        "idna": {
            "hashes": [
                "sha256:84d9dd047ffa80596e0f246e2eab0b391788b0503584e8945f2368256d2735ff",
                "sha256:9d643ff0a55b762d5cdb124b8eaa99c66322e2157b69160bc32796e824360e6d"
            ],
            "markers": "python_version >= '3'",
            "version": "==3.3"
        },
        "multidict": {
            "hashes": [
                "sha256:1ece5a3369835c20ed57adadc663400b5525904e53bae59ec854a5d36b39b21a",
                "sha256:275ca32383bc5d1894b6975bb4ca6a7ff16ab76fa622967625baeebcf8079000",
                "sha256:3750f2205b800aac4bb03b5ae48025a64e474d2c6cc79547988ba1d4122a09e2",
                "sha256:4538273208e7294b2659b1602490f4ed3ab1c8cf9dbdd817e0e9db8e64be2507",
                "sha256:5141c13374e6b25fe6bf092052ab55c0c03d21bd66c94a0e3ae371d3e4d865a5",
                "sha256:51a4d210404ac61d32dada00a50ea7ba412e6ea945bbe992e4d7a595276d2ec7",
                "sha256:5cf311a0f5ef80fe73e4f4c0f0998ec08f954a6ec72b746f3c179e37de1d210d",
                "sha256:6513728873f4326999429a8b00fc7ceddb2509b01d5fd3f3be7881a257b8d463",
                "sha256:7388d2ef3c55a8ba80da62ecfafa06a1c097c18032a501ffd4cabbc52d7f2b19",
                "sha256:9456e90649005ad40558f4cf51dbb842e32807df75146c6d940b6f5abb4a78f3",
                "sha256:c026fe9a05130e44157b98fea3ab12969e5b60691a276150db9eda71710cd10b",
                "sha256:d14842362ed4cf63751648e7672f7174c9818459d169231d03c56e84daf90b7c",
                "sha256:e0d072ae0f2a179c375f67e3da300b47e1a83293c554450b29c900e50afaae87",
                "sha256:f07acae137b71af3bb548bd8da720956a3bc9f9a0b87733e0899226a2317aeb7",
                "sha256:fbb77a75e529021e7c4a8d4e823d88ef4d23674a202be4f5addffc72cbb91430",
                "sha256:fcfbb44c59af3f8ea984de67ec7c306f618a3ec771c2843804069917a8f2e255",
                "sha256:feed85993dbdb1dbc29102f50bca65bdc68f2c0c8d352468c25b54874f23c39d"
            ],
            "markers": "python_version >= '3.5'",
            "version": "==4.7.6"
        },
        "oauthlib": {
            "hashes": [
                "sha256:42bf6354c2ed8c6acb54d971fce6f88193d97297e18602a3a886603f9d7730cc",
                "sha256:8f0215fcc533dd8dd1bee6f4c412d4f0cd7297307d43ac61666389e3bc3198a3"
            ],
            "markers": "python_version >= '3.6'",
            "version": "==3.1.1"
        },
        "requests": {
            "hashes": [
                "sha256:6c1246513ecd5ecd4528a0906f910e8f0f9c6b8ec72030dc9fd154dc1a6efd24",
                "sha256:b8aa58f8cf793ffd8782d3d8cb19e66ef36f7aba4353eec859e74678b01b07a7"
            ],
            "index": "pypi",
            "version": "==2.26.0"
        },
        "requests-oauthlib": {
            "hashes": [
                "sha256:7f71572defaecd16372f9006f33c2ec8c077c3cfa6f5911a9a90202beb513f3d",
                "sha256:b4261601a71fd721a8bd6d7aa1cc1d6a8a93b4a9f5e96626f8e4d91e8beeaa6a",
                "sha256:fa6c47b933f01060936d87ae9327fead68768b69c6c9ea2109c48be30f2d4dbc"
            ],
            "index": "pypi",
            "version": "==1.3.0"
        },
        "typing-extensions": {
            "hashes": [
                "sha256:4ca091dea149f945ec56afb48dae714f21e8692ef22a395223bcd328961b6a0e",
                "sha256:7f001e5ac290a0c0401508864c7ec868be4e701886d5b573a9528ed3973d9d3b"
            ],
            "markers": "python_version >= '3.6'",
            "version": "==4.0.1"
        },
        "urllib3": {
            "hashes": [
                "sha256:4987c65554f7a2dbf30c18fd48778ef124af6fab771a377103da0585e2336ece",
                "sha256:c4fdf4019605b6e5423637e01bc9fe4daef873709a7973e195ceba0a62bbc844"
            ],
            "markers": "python_version >= '2.7' and python_version not in '3.0, 3.1, 3.2, 3.3, 3.4' and python_version < '4'",
            "version": "==1.26.7"
        },
        "yarl": {
            "hashes": [
                "sha256:044daf3012e43d4b3538562da94a88fb12a6490652dbc29fb19adfa02cf72eac",
                "sha256:0cba38120db72123db7c58322fa69e3c0efa933040ffb586c3a87c063ec7cae8",
                "sha256:167ab7f64e409e9bdd99333fe8c67b5574a1f0495dcfd905bc7454e766729b9e",
                "sha256:1be4bbb3d27a4e9aa5f3df2ab61e3701ce8fcbd3e9846dbce7c033a7e8136746",
                "sha256:1ca56f002eaf7998b5fcf73b2421790da9d2586331805f38acd9997743114e98",
                "sha256:1d3d5ad8ea96bd6d643d80c7b8d5977b4e2fb1bab6c9da7322616fd26203d125",
                "sha256:1eb6480ef366d75b54c68164094a6a560c247370a68c02dddb11f20c4c6d3c9d",
                "sha256:1edc172dcca3f11b38a9d5c7505c83c1913c0addc99cd28e993efeaafdfaa18d",
                "sha256:211fcd65c58bf250fb994b53bc45a442ddc9f441f6fec53e65de8cba48ded986",
                "sha256:29e0656d5497733dcddc21797da5a2ab990c0cb9719f1f969e58a4abac66234d",
                "sha256:368bcf400247318382cc150aaa632582d0780b28ee6053cd80268c7e72796dec",
                "sha256:39d5493c5ecd75c8093fa7700a2fb5c94fe28c839c8e40144b7ab7ccba6938c8",
                "sha256:3abddf0b8e41445426d29f955b24aeecc83fa1072be1be4e0d194134a7d9baee",
                "sha256:3bf8cfe8856708ede6a73907bf0501f2dc4e104085e070a41f5d88e7faf237f3",
                "sha256:3ec1d9a0d7780416e657f1e405ba35ec1ba453a4f1511eb8b9fbab81cb8b3ce1",
                "sha256:45399b46d60c253327a460e99856752009fcee5f5d3c80b2f7c0cae1c38d56dd",
                "sha256:52690eb521d690ab041c3919666bea13ab9fbff80d615ec16fa81a297131276b",
                "sha256:534b047277a9a19d858cde163aba93f3e1677d5acd92f7d10ace419d478540de",
                "sha256:580c1f15500e137a8c37053e4cbf6058944d4c114701fa59944607505c2fe3a0",
                "sha256:59218fef177296451b23214c91ea3aba7858b4ae3306dde120224cfe0f7a6ee8",
                "sha256:5ba63585a89c9885f18331a55d25fe81dc2d82b71311ff8bd378fc8004202ff6",
                "sha256:5bb7d54b8f61ba6eee541fba4b83d22b8a046b4ef4d8eb7f15a7e35db2e1e245",
                "sha256:6152224d0a1eb254f97df3997d79dadd8bb2c1a02ef283dbb34b97d4f8492d23",
                "sha256:67e94028817defe5e705079b10a8438b8cb56e7115fa01640e9c0bb3edf67332",
                "sha256:695ba021a9e04418507fa930d5f0704edbce47076bdcfeeaba1c83683e5649d1",
                "sha256:6a1a9fe17621af43e9b9fcea8bd088ba682c8192d744b386ee3c47b56eaabb2c",
                "sha256:6ab0c3274d0a846840bf6c27d2c60ba771a12e4d7586bf550eefc2df0b56b3b4",
                "sha256:6feca8b6bfb9eef6ee057628e71e1734caf520a907b6ec0d62839e8293e945c0",
                "sha256:737e401cd0c493f7e3dd4db72aca11cfe069531c9761b8ea474926936b3c57c8",
                "sha256:788713c2896f426a4e166b11f4ec538b5736294ebf7d5f654ae445fd44270832",
                "sha256:797c2c412b04403d2da075fb93c123df35239cd7b4cc4e0cd9e5839b73f52c58",
                "sha256:8300401dc88cad23f5b4e4c1226f44a5aa696436a4026e456fe0e5d2f7f486e6",
                "sha256:87f6e082bce21464857ba58b569370e7b547d239ca22248be68ea5d6b51464a1",
                "sha256:89ccbf58e6a0ab89d487c92a490cb5660d06c3a47ca08872859672f9c511fc52",
                "sha256:8b0915ee85150963a9504c10de4e4729ae700af11df0dc5550e6587ed7891e92",
                "sha256:8cce6f9fa3df25f55521fbb5c7e4a736683148bcc0c75b21863789e5185f9185",
                "sha256:95a1873b6c0dd1c437fb3bb4a4aaa699a48c218ac7ca1e74b0bee0ab16c7d60d",
                "sha256:9b4c77d92d56a4c5027572752aa35082e40c561eec776048330d2907aead891d",
                "sha256:9bfcd43c65fbb339dc7086b5315750efa42a34eefad0256ba114cd8ad3896f4b",
                "sha256:9c1f083e7e71b2dd01f7cd7434a5f88c15213194df38bc29b388ccdf1492b739",
                "sha256:a1d0894f238763717bdcfea74558c94e3bc34aeacd3351d769460c1a586a8b05",
                "sha256:a467a431a0817a292121c13cbe637348b546e6ef47ca14a790aa2fa8cc93df63",
                "sha256:aa32aaa97d8b2ed4e54dc65d241a0da1c627454950f7d7b1f95b13985afd6c5d",
                "sha256:ac10bbac36cd89eac19f4e51c032ba6b412b3892b685076f4acd2de18ca990aa",
                "sha256:ac35ccde589ab6a1870a484ed136d49a26bcd06b6a1c6397b1967ca13ceb3913",
                "sha256:bab827163113177aee910adb1f48ff7af31ee0289f434f7e22d10baf624a6dfe",
                "sha256:baf81561f2972fb895e7844882898bda1eef4b07b5b385bcd308d2098f1a767b",
                "sha256:bf19725fec28452474d9887a128e98dd67eee7b7d52e932e6949c532d820dc3b",
                "sha256:c01a89a44bb672c38f42b49cdb0ad667b116d731b3f4c896f72302ff77d71656",
                "sha256:c0910c6b6c31359d2f6184828888c983d54d09d581a4a23547a35f1d0b9484b1",
                "sha256:c10ea1e80a697cf7d80d1ed414b5cb8f1eec07d618f54637067ae3c0334133c4",
                "sha256:c1164a2eac148d85bbdd23e07dfcc930f2e633220f3eb3c3e2a25f6148c2819e",
                "sha256:c145ab54702334c42237a6c6c4cc08703b6aa9b94e2f227ceb3d477d20c36c63",
                "sha256:c17965ff3706beedafd458c452bf15bac693ecd146a60a06a214614dc097a271",
                "sha256:c19324a1c5399b602f3b6e7db9478e5b1adf5cf58901996fc973fe4fccd73eed",
                "sha256:c2a1ac41a6aa980db03d098a5531f13985edcb451bcd9d00670b03129922cd0d",
                "sha256:c6ddcd80d79c96eb19c354d9dca95291589c5954099836b7c8d29278a7ec0bda",
                "sha256:c9c6d927e098c2d360695f2e9d38870b2e92e0919be07dbe339aefa32a090265",
                "sha256:cc8b7a7254c0fc3187d43d6cb54b5032d2365efd1df0cd1749c0c4df5f0ad45f",
                "sha256:cff3ba513db55cc6a35076f32c4cdc27032bd075c9faef31fec749e64b45d26c",
                "sha256:d260d4dc495c05d6600264a197d9d6f7fc9347f21d2594926202fd08cf89a8ba",
                "sha256:d6f3d62e16c10e88d2168ba2d065aa374e3c538998ed04996cd373ff2036d64c",
                "sha256:da6df107b9ccfe52d3a48165e48d72db0eca3e3029b5b8cb4fe6ee3cb870ba8b",
                "sha256:dfe4b95b7e00c6635a72e2d00b478e8a28bfb122dc76349a06e20792eb53a523",
                "sha256:e39378894ee6ae9f555ae2de332d513a5763276a9265f8e7cbaeb1b1ee74623a",
                "sha256:ede3b46cdb719c794427dcce9d8beb4abe8b9aa1e97526cc20de9bd6583ad1ef",
                "sha256:f2a8508f7350512434e41065684076f640ecce176d262a7d54f0da41d99c5a95",
                "sha256:f44477ae29025d8ea87ec308539f95963ffdc31a82f42ca9deecf2d505242e72",
                "sha256:f64394bd7ceef1237cc604b5a89bf748c95982a84bcd3c4bbeb40f685c810794",
                "sha256:fc4dd8b01a8112809e6b636b00f487846956402834a7fd59d46d4f4267181c41",
                "sha256:fce78593346c014d0d986b7ebc80d782b7f5e19843ca798ed62f8e3ba8728576",
                "sha256:fd547ec596d90c8676e369dd8a581a21227fe9b4ad37d0dc7feb4ccf544c2d59"
            ],
            "markers": "python_version >= '3.6'",
            "version": "==1.7.2"
        }
    },
    "develop": {
        "astroid": {
            "hashes": [
                "sha256:3975a0bd5373bdce166e60c851cfcbaf21ee96de80ec518c1f4cb3e94c3fb334",
                "sha256:ab7f36e8a78b8e54a62028ba6beef7561db4cdb6f2a5009ecc44a6f42b5697ef"
            ],
            "markers": "python_version ~= '3.6'",
            "version": "==2.6.6"
        },
        "attrs": {
            "hashes": [
                "sha256:2d27e3784d7a565d36ab851fe94887c5eccd6a463168875832a1be79c82828b4",
                "sha256:626ba8234211db98e869df76230a137c4c40a12d72445c45d5f5b716f076e2fd"
            ],
            "markers": "python_version >= '2.7' and python_version not in '3.0, 3.1, 3.2, 3.3, 3.4'",
            "version": "==21.4.0"
        },
        "black": {
            "hashes": [
                "sha256:77b80f693a569e2e527958459634f18df9b0ba2625ba4e0c2d5da5be42e6f2b3",
                "sha256:a615e69ae185e08fdd73e4715e260e2479c861b5740057fde6e8b4e3b7dd589f"
            ],
            "index": "pypi",
            "version": "==21.12b0"
        },
        "bleach": {
            "hashes": [
                "sha256:0900d8b37eba61a802ee40ac0061f8c2b5dee29c1927dd1d233e075ebf5a71da",
                "sha256:4d2651ab93271d1129ac9cbc679f524565cc8a1b791909c4a51eac4446a15994"
            ],
            "index": "pypi",
            "version": "==4.1.0"
        },
        "certifi": {
            "hashes": [
                "sha256:78884e7c1d4b00ce3cea67b44566851c4343c120abd683433ce934a68ea58872",
                "sha256:d62a0163eb4c2344ac042ab2bdf75399a71a2d8c7d47eac2e2ee91b9d6339569"
            ],
            "version": "==2021.10.8"
        },
        "cfgv": {
            "hashes": [
                "sha256:c6a0883f3917a037485059700b9e75da2464e6c27051014ad85ba6aaa5884426",
                "sha256:f5a830efb9ce7a445376bb66ec94c638a9787422f96264c98edc6bdeed8ab736"
            ],
            "markers": "python_full_version >= '3.6.1'",
            "version": "==3.3.1"
        },
        "charset-normalizer": {
            "hashes": [
                "sha256:1eecaa09422db5be9e29d7fc65664e6c33bd06f9ced7838578ba40d58bdf3721",
                "sha256:b0b883e8e874edfdece9c28f314e3dd5badf067342e42fb162203335ae61aa2c"
            ],
            "markers": "python_version >= '3'",
            "version": "==2.0.9"
        },
        "click": {
            "hashes": [
                "sha256:353f466495adaeb40b6b5f592f9f91cb22372351c84caeb068132442a4518ef3",
                "sha256:410e932b050f5eed773c4cda94de75971c89cdb3155a72a0831139a79e5ecb5b"
            ],
            "markers": "python_version >= '3.6'",
            "version": "==8.0.3"
        },
        "colorama": {
            "hashes": [
                "sha256:5941b2b48a20143d2267e95b1c2a7603ce057ee39fd88e7329b0c292aa16869b",
                "sha256:9f47eda37229f68eee03b24b9748937c7dc3868f906e8ba69fbcbdd3bc5dc3e2"
            ],
            "markers": "python_version >= '2.7' and python_version not in '3.0, 3.1, 3.2, 3.3, 3.4'",
            "version": "==0.4.4"
        },
        "coverage": {
            "extras": [
                "toml"
            ],
            "hashes": [
                "sha256:01774a2c2c729619760320270e42cd9e797427ecfddd32c2a7b639cdc481f3c0",
                "sha256:03b20e52b7d31be571c9c06b74746746d4eb82fc260e594dc662ed48145e9efd",
                "sha256:0a7726f74ff63f41e95ed3a89fef002916c828bb5fcae83b505b49d81a066884",
                "sha256:1219d760ccfafc03c0822ae2e06e3b1248a8e6d1a70928966bafc6838d3c9e48",
                "sha256:13362889b2d46e8d9f97c421539c97c963e34031ab0cb89e8ca83a10cc71ac76",
                "sha256:174cf9b4bef0db2e8244f82059a5a72bd47e1d40e71c68ab055425172b16b7d0",
                "sha256:17e6c11038d4ed6e8af1407d9e89a2904d573be29d51515f14262d7f10ef0a64",
                "sha256:215f8afcc02a24c2d9a10d3790b21054b58d71f4b3c6f055d4bb1b15cecce685",
                "sha256:22e60a3ca5acba37d1d4a2ee66e051f5b0e1b9ac950b5b0cf4aa5366eda41d47",
                "sha256:2641f803ee9f95b1f387f3e8f3bf28d83d9b69a39e9911e5bfee832bea75240d",
                "sha256:276651978c94a8c5672ea60a2656e95a3cce2a3f31e9fb2d5ebd4c215d095840",
                "sha256:3f7c17209eef285c86f819ff04a6d4cbee9b33ef05cbcaae4c0b4e8e06b3ec8f",
                "sha256:3feac4084291642165c3a0d9eaebedf19ffa505016c4d3db15bfe235718d4971",
                "sha256:49dbff64961bc9bdd2289a2bda6a3a5a331964ba5497f694e2cbd540d656dc1c",
                "sha256:4e547122ca2d244f7c090fe3f4b5a5861255ff66b7ab6d98f44a0222aaf8671a",
                "sha256:5829192582c0ec8ca4a2532407bc14c2f338d9878a10442f5d03804a95fac9de",
                "sha256:5d6b09c972ce9200264c35a1d53d43ca55ef61836d9ec60f0d44273a31aa9f17",
                "sha256:600617008aa82032ddeace2535626d1bc212dfff32b43989539deda63b3f36e4",
                "sha256:619346d57c7126ae49ac95b11b0dc8e36c1dd49d148477461bb66c8cf13bb521",
                "sha256:63c424e6f5b4ab1cf1e23a43b12f542b0ec2e54f99ec9f11b75382152981df57",
                "sha256:6dbc1536e105adda7a6312c778f15aaabe583b0e9a0b0a324990334fd458c94b",
                "sha256:6e1394d24d5938e561fbeaa0cd3d356207579c28bd1792f25a068743f2d5b282",
                "sha256:86f2e78b1eff847609b1ca8050c9e1fa3bd44ce755b2ec30e70f2d3ba3844644",
                "sha256:8bdfe9ff3a4ea37d17f172ac0dff1e1c383aec17a636b9b35906babc9f0f5475",
                "sha256:8e2c35a4c1f269704e90888e56f794e2d9c0262fb0c1b1c8c4ee44d9b9e77b5d",
                "sha256:92b8c845527eae547a2a6617d336adc56394050c3ed8a6918683646328fbb6da",
                "sha256:9365ed5cce5d0cf2c10afc6add145c5037d3148585b8ae0e77cc1efdd6aa2953",
                "sha256:9a29311bd6429be317c1f3fe4bc06c4c5ee45e2fa61b2a19d4d1d6111cb94af2",
                "sha256:9a2b5b52be0a8626fcbffd7e689781bf8c2ac01613e77feda93d96184949a98e",
                "sha256:a4bdeb0a52d1d04123b41d90a4390b096f3ef38eee35e11f0b22c2d031222c6c",
                "sha256:a9c8c4283e17690ff1a7427123ffb428ad6a52ed720d550e299e8291e33184dc",
                "sha256:b637c57fdb8be84e91fac60d9325a66a5981f8086c954ea2772efe28425eaf64",
                "sha256:bf154ba7ee2fd613eb541c2bc03d3d9ac667080a737449d1a3fb342740eb1a74",
                "sha256:c254b03032d5a06de049ce8bca8338a5185f07fb76600afff3c161e053d88617",
                "sha256:c332d8f8d448ded473b97fefe4a0983265af21917d8b0cdcb8bb06b2afe632c3",
                "sha256:c7912d1526299cb04c88288e148c6c87c0df600eca76efd99d84396cfe00ef1d",
                "sha256:cfd9386c1d6f13b37e05a91a8583e802f8059bebfccde61a418c5808dea6bbfa",
                "sha256:d5d2033d5db1d58ae2d62f095e1aefb6988af65b4b12cb8987af409587cc0739",
                "sha256:dca38a21e4423f3edb821292e97cec7ad38086f84313462098568baedf4331f8",
                "sha256:e2cad8093172b7d1595b4ad66f24270808658e11acf43a8f95b41276162eb5b8",
                "sha256:e3db840a4dee542e37e09f30859f1612da90e1c5239a6a2498c473183a50e781",
                "sha256:edcada2e24ed68f019175c2b2af2a8b481d3d084798b8c20d15d34f5c733fa58",
                "sha256:f467bbb837691ab5a8ca359199d3429a11a01e6dfb3d9dcc676dc035ca93c0a9",
                "sha256:f506af4f27def639ba45789fa6fde45f9a217da0be05f8910458e4557eed020c",
                "sha256:f614fc9956d76d8a88a88bb41ddc12709caa755666f580af3a688899721efecd",
                "sha256:f9afb5b746781fc2abce26193d1c817b7eb0e11459510fba65d2bd77fe161d9e",
                "sha256:fb8b8ee99b3fffe4fd86f4c81b35a6bf7e4462cba019997af2fe679365db0c49"
            ],
            "markers": "python_version >= '3.6'",
            "version": "==6.2"
        },
        "distlib": {
            "hashes": [
                "sha256:6564fe0a8f51e734df6333d08b8b94d4ea8ee6b99b5ed50613f731fd4089f34b",
                "sha256:e4b58818180336dc9c529bfb9a0b58728ffc09ad92027a3f30b7cd91e3458579"
            ],
            "version": "==0.3.4"
        },
        "docutils": {
            "hashes": [
                "sha256:23010f129180089fbcd3bc08cfefccb3b890b0050e1ca00c867036e9d161b98c",
                "sha256:679987caf361a7539d76e584cbeddc311e3aee937877c87346f31debc63e9d06"
            ],
            "index": "pypi",
            "version": "==0.18.1"
        },
        "filelock": {
            "hashes": [
                "sha256:38b4f4c989f9d06d44524df1b24bd19e167d851f19b50bf3e3559952dddc5b80",
                "sha256:cf0fc6a2f8d26bd900f19bf33915ca70ba4dd8c56903eeb14e1e7a2fd7590146"
            ],
            "markers": "python_version >= '3.7'",
            "version": "==3.4.2"
        },
        "flake8": {
            "hashes": [
                "sha256:479b1304f72536a55948cb40a32dce8bb0ffe3501e26eaf292c7e60eb5e0428d",
                "sha256:806e034dda44114815e23c16ef92f95c91e4c71100ff52813adf7132a6ad870d"
            ],
            "index": "pypi",
            "version": "==4.0.1"
        },
        "freezegun": {
            "hashes": [
                "sha256:177f9dd59861d871e27a484c3332f35a6e3f5d14626f2bf91be37891f18927f3",
                "sha256:2ae695f7eb96c62529f03a038461afe3c692db3465e215355e1bb4b0ab408712"
            ],
            "index": "pypi",
            "version": "==1.1.0"
        },
        "identify": {
            "hashes": [
                "sha256:0192893ff68b03d37fed553e261d4a22f94ea974093aefb33b29df2ff35fed3c",
                "sha256:64d4885e539f505dd8ffb5e93c142a1db45480452b1594cacd3e91dca9a984e9"
            ],
            "markers": "python_full_version >= '3.6.1'",
            "version": "==2.4.1"
        },
        "idna": {
            "hashes": [
                "sha256:84d9dd047ffa80596e0f246e2eab0b391788b0503584e8945f2368256d2735ff",
                "sha256:9d643ff0a55b762d5cdb124b8eaa99c66322e2157b69160bc32796e824360e6d"
            ],
            "markers": "python_version >= '3'",
            "version": "==3.3"
        },
        "importlib-metadata": {
            "hashes": [
                "sha256:92a8b58ce734b2a4494878e0ecf7d79ccd7a128b5fc6014c401e0b61f006f0f6",
                "sha256:b7cf7d3fef75f1e4c80a96ca660efbd51473d7e8f39b5ab9210febc7809012a4"
            ],
            "markers": "python_version >= '3.7'",
            "version": "==4.10.0"
        },
        "iniconfig": {
            "hashes": [
                "sha256:011e24c64b7f47f6ebd835bb12a743f2fbe9a26d4cecaa7f53bc4f35ee9da8b3",
                "sha256:bc3af051d7d14b2ee5ef9969666def0cd1a000e121eaea580d4a313df4b37f32"
            ],
            "version": "==1.1.1"
        },
        "isort": {
            "hashes": [
                "sha256:6f62d78e2f89b4500b080fe3a81690850cd254227f27f75c3a0c491a1f351ba7",
                "sha256:e8443a5e7a020e9d7f97f1d7d9cd17c88bcb3bc7e218bf9cf5095fe550be2951"
            ],
            "index": "pypi",
            "version": "==5.10.1"
        },
        "keyring": {
            "hashes": [
                "sha256:3dc0f66062a4f8f6f2ce30d6a516e6e623e6c3c2e76864204ceaf64695408f07",
                "sha256:88f206024295e3c6fb16bb0a60fb4bb7ec1185629dc5a729f12aa7c236d01387"
            ],
            "markers": "python_version >= '3.6'",
            "version": "==23.4.0"
        },
        "lazy-object-proxy": {
            "hashes": [
                "sha256:043651b6cb706eee4f91854da4a089816a6606c1428fd391573ef8cb642ae4f7",
                "sha256:07fa44286cda977bd4803b656ffc1c9b7e3bc7dff7d34263446aec8f8c96f88a",
                "sha256:12f3bb77efe1367b2515f8cb4790a11cffae889148ad33adad07b9b55e0ab22c",
                "sha256:2052837718516a94940867e16b1bb10edb069ab475c3ad84fd1e1a6dd2c0fcfc",
                "sha256:2130db8ed69a48a3440103d4a520b89d8a9405f1b06e2cc81640509e8bf6548f",
                "sha256:39b0e26725c5023757fc1ab2a89ef9d7ab23b84f9251e28f9cc114d5b59c1b09",
                "sha256:46ff647e76f106bb444b4533bb4153c7370cdf52efc62ccfc1a28bdb3cc95442",
                "sha256:4dca6244e4121c74cc20542c2ca39e5c4a5027c81d112bfb893cf0790f96f57e",
                "sha256:553b0f0d8dbf21890dd66edd771f9b1b5f51bd912fa5f26de4449bfc5af5e029",
                "sha256:677ea950bef409b47e51e733283544ac3d660b709cfce7b187f5ace137960d61",
                "sha256:6a24357267aa976abab660b1d47a34aaf07259a0c3859a34e536f1ee6e76b5bb",
                "sha256:6a6e94c7b02641d1311228a102607ecd576f70734dc3d5e22610111aeacba8a0",
                "sha256:6aff3fe5de0831867092e017cf67e2750c6a1c7d88d84d2481bd84a2e019ec35",
                "sha256:6ecbb350991d6434e1388bee761ece3260e5228952b1f0c46ffc800eb313ff42",
                "sha256:7096a5e0c1115ec82641afbdd70451a144558ea5cf564a896294e346eb611be1",
                "sha256:70ed0c2b380eb6248abdef3cd425fc52f0abd92d2b07ce26359fcbc399f636ad",
                "sha256:8561da8b3dd22d696244d6d0d5330618c993a215070f473b699e00cf1f3f6443",
                "sha256:85b232e791f2229a4f55840ed54706110c80c0a210d076eee093f2b2e33e1bfd",
                "sha256:898322f8d078f2654d275124a8dd19b079080ae977033b713f677afcfc88e2b9",
                "sha256:8f3953eb575b45480db6568306893f0bd9d8dfeeebd46812aa09ca9579595148",
                "sha256:91ba172fc5b03978764d1df5144b4ba4ab13290d7bab7a50f12d8117f8630c38",
                "sha256:9d166602b525bf54ac994cf833c385bfcc341b364e3ee71e3bf5a1336e677b55",
                "sha256:a57d51ed2997e97f3b8e3500c984db50a554bb5db56c50b5dab1b41339b37e36",
                "sha256:b9e89b87c707dd769c4ea91f7a31538888aad05c116a59820f28d59b3ebfe25a",
                "sha256:bb8c5fd1684d60a9902c60ebe276da1f2281a318ca16c1d0a96db28f62e9166b",
                "sha256:c19814163728941bb871240d45c4c30d33b8a2e85972c44d4e63dd7107faba44",
                "sha256:c4ce15276a1a14549d7e81c243b887293904ad2d94ad767f42df91e75fd7b5b6",
                "sha256:c7a683c37a8a24f6428c28c561c80d5f4fd316ddcf0c7cab999b15ab3f5c5c69",
                "sha256:d609c75b986def706743cdebe5e47553f4a5a1da9c5ff66d76013ef396b5a8a4",
                "sha256:d66906d5785da8e0be7360912e99c9188b70f52c422f9fc18223347235691a84",
                "sha256:dd7ed7429dbb6c494aa9bc4e09d94b778a3579be699f9d67da7e6804c422d3de",
                "sha256:df2631f9d67259dc9620d831384ed7732a198eb434eadf69aea95ad18c587a28",
                "sha256:e368b7f7eac182a59ff1f81d5f3802161932a41dc1b1cc45c1f757dc876b5d2c",
                "sha256:e40f2013d96d30217a51eeb1db28c9ac41e9d0ee915ef9d00da639c5b63f01a1",
                "sha256:f769457a639403073968d118bc70110e7dce294688009f5c24ab78800ae56dc8",
                "sha256:fccdf7c2c5821a8cbd0a9440a456f5050492f2270bd54e94360cac663398739b",
                "sha256:fd45683c3caddf83abbb1249b653a266e7069a09f486daa8863fb0e7496a9fdb"
            ],
            "markers": "python_version >= '3.6'",
            "version": "==1.7.1"
        },
        "mccabe": {
            "hashes": [
                "sha256:ab8a6258860da4b6677da4bd2fe5dc2c659cff31b3ee4f7f5d64e79735b80d42",
                "sha256:dd8d182285a0fe56bace7f45b5e7d1a6ebcbf524e8f3bd87eb0f125271b8831f"
            ],
            "version": "==0.6.1"
        },
        "mypy": {
            "hashes": [
                "sha256:0feb82e9fa849affca7edd24713dbe809dce780ced9f3feca5ed3d80e40b777f",
                "sha256:1d2296f35aae9802eeb1327058b550371ee382d71374b3e7d2804035ef0b830b",
                "sha256:1e689e92cdebd87607a041585f1dc7339aa2e8a9f9bad9ba7e6ece619431b20c",
                "sha256:1ea7199780c1d7940b82dbc0a4e37722b4e3851264dbba81e01abecc9052d8a7",
                "sha256:221cc94dc6a801ccc2be7c0c9fd791c5e08d1fa2c5e1c12dec4eab15b2469871",
                "sha256:2e9c5409e9cb81049bb03fa1009b573dea87976713e3898561567a86c4eaee01",
                "sha256:45a4dc21c789cfd09b8ccafe114d6de66f0b341ad761338de717192f19397a8c",
                "sha256:51426262ae4714cc7dd5439814676e0992b55bcc0f6514eccb4cf8e0678962c2",
                "sha256:554873e45c1ca20f31ddf873deb67fa5d2e87b76b97db50669f0468ccded8fae",
                "sha256:5feb56f8bb280468fe5fc8e6f56f48f99aa0df9eed3c507a11505ee4657b5380",
                "sha256:601f46593f627f8a9b944f74fd387c9b5f4266b39abad77471947069c2fc7651",
                "sha256:70b197dd8c78fc5d2daf84bd093e8466a2b2e007eedaa85e792e513a820adbf7",
                "sha256:959319b9a3cafc33a8185f440a433ba520239c72e733bf91f9efd67b0a8e9b30",
                "sha256:a9d8dffefba634b27d650e0de2564379a1a367e2e08d6617d8f89261a3bf63b2",
                "sha256:b419e9721260161e70d054a15abbd50603c16f159860cfd0daeab647d828fc29",
                "sha256:bc1a0607ea03c30225347334af66b0af12eefba018a89a88c209e02b7065ea95",
                "sha256:bf4a44e03040206f7c058d1f5ba02ef2d1820720c88bc4285c7d9a4269f54173",
                "sha256:db3a87376a1380f396d465bed462e76ea89f838f4c5e967d68ff6ee34b785c31",
                "sha256:ed4e0ea066bb12f56b2812a15ff223c57c0a44eca817ceb96b214bb055c7051f",
                "sha256:f9f665d69034b1fcfdbcd4197480d26298bbfb5d2dfe206245b6498addb34999"
            ],
            "index": "pypi",
            "version": "==0.930"
        },
        "mypy-extensions": {
            "hashes": [
                "sha256:090fedd75945a69ae91ce1303b5824f428daf5a028d2f6ab8a299250a846f15d",
                "sha256:2d82818f5bb3e369420cb3c4060a7970edba416647068eb4c5343488a6c604a8"
            ],
            "version": "==0.4.3"
        },
        "nodeenv": {
            "hashes": [
                "sha256:3ef13ff90291ba2a4a7a4ff9a979b63ffdd00a464dbe04acf0ea6471517a4c2b",
                "sha256:621e6b7076565ddcacd2db0294c0381e01fd28945ab36bcf00f41c5daf63bef7"
            ],
            "version": "==1.6.0"
        },
        "packaging": {
            "hashes": [
                "sha256:dd47c42927d89ab911e606518907cc2d3a1f38bbd026385970643f9c5b8ecfeb",
                "sha256:ef103e05f519cdc783ae24ea4e2e0f508a9c99b2d4969652eed6a2e1ea5bd522"
            ],
            "markers": "python_version >= '3.6'",
            "version": "==21.3"
        },
        "pathspec": {
            "hashes": [
                "sha256:7d15c4ddb0b5c802d161efc417ec1a2558ea2653c2e8ad9c19098201dc1c993a",
                "sha256:e564499435a2673d586f6b2130bb5b95f04a3ba06f81b8f895b651a3c76aabb1"
            ],
            "version": "==0.9.0"
        },
        "pkginfo": {
            "hashes": [
                "sha256:542e0d0b6750e2e21c20179803e40ab50598d8066d51097a0e382cba9eb02bff",
                "sha256:c24c487c6a7f72c66e816ab1796b96ac6c3d14d49338293d2141664330b55ffc"
            ],
            "version": "==1.8.2"
        },
        "platformdirs": {
            "hashes": [
                "sha256:1d7385c7db91728b83efd0ca99a5afb296cab9d0ed8313a45ed8ba17967ecfca",
                "sha256:440633ddfebcc36264232365d7840a970e75e1018d15b4327d11f91909045fda"
            ],
            "markers": "python_version >= '3.7'",
            "version": "==2.4.1"
        },
        "pluggy": {
            "hashes": [
                "sha256:4224373bacce55f955a878bf9cfa763c1e360858e330072059e10bad68531159",
                "sha256:74134bbf457f031a36d68416e1509f34bd5ccc019f0bcc952c7b909d06b37bd3"
            ],
            "markers": "python_version >= '3.6'",
            "version": "==1.0.0"
        },
        "pre-commit": {
            "hashes": [
                "sha256:758d1dc9b62c2ed8881585c254976d66eae0889919ab9b859064fc2fe3c7743e",
                "sha256:fe9897cac830aa7164dbd02a4e7b90cae49630451ce88464bca73db486ba9f65"
            ],
            "index": "pypi",
            "version": "==2.16.0"
        },
        "py": {
            "hashes": [
                "sha256:51c75c4126074b472f746a24399ad32f6053d1b34b68d2fa41e558e6f4a98719",
                "sha256:607c53218732647dff4acdfcd50cb62615cedf612e72d1724fb1a0cc6405b378"
            ],
            "markers": "python_version >= '2.7' and python_version not in '3.0, 3.1, 3.2, 3.3, 3.4'",
            "version": "==1.11.0"
        },
        "pycodestyle": {
            "hashes": [
                "sha256:720f8b39dde8b293825e7ff02c475f3077124006db4f440dcbc9a20b76548a20",
                "sha256:eddd5847ef438ea1c7870ca7eb78a9d47ce0cdb4851a5523949f2601d0cbbe7f"
            ],
            "markers": "python_version >= '2.7' and python_version not in '3.0, 3.1, 3.2, 3.3, 3.4'",
            "version": "==2.8.0"
        },
        "pyflakes": {
            "hashes": [
                "sha256:05a85c2872edf37a4ed30b0cce2f6093e1d0581f8c19d7393122da7e25b2b24c",
                "sha256:3bb3a3f256f4b7968c9c788781e4ff07dce46bdf12339dcda61053375426ee2e"
            ],
            "markers": "python_version >= '2.7' and python_version not in '3.0, 3.1, 3.2, 3.3'",
            "version": "==2.4.0"
        },
        "pygments": {
            "hashes": [
                "sha256:b8e67fe6af78f492b3c4b3e2970c0624cbf08beb1e493b2c99b9fa1b67a20380",
                "sha256:f398865f7eb6874156579fdf36bc840a03cab64d1cde9e93d68f46a425ec52c6"
            ],
            "markers": "python_version >= '3.5'",
            "version": "==2.10.0"
        },
        "pylint": {
            "hashes": [
                "sha256:349b149e88e4357ed4f77ac3a4e61c0ab965cda293b6f4e58caf73d4b24ae551",
                "sha256:adc11bec00c2084bf55c81dd69e26f2793fef757547997d44b21aed038f74403"
            ],
            "index": "pypi",
            "version": "==3.0.0a4"
        },
        "pylint-pytest": {
            "hashes": [
                "sha256:fb20ef318081cee3d5febc631a7b9c40fa356b05e4f769d6e60a337e58c8879b"
            ],
            "index": "pypi",
            "version": "==1.1.2"
        },
        "pyparsing": {
            "hashes": [
                "sha256:04ff808a5b90911829c55c4e26f75fa5ca8a2f5f36aa3a51f68e27033341d3e4",
                "sha256:d9bdec0013ef1eb5a84ab39a3b3868911598afa494f5faa038647101504e2b81"
            ],
            "markers": "python_version >= '3.6'",
            "version": "==3.0.6"
        },
        "pytest": {
            "hashes": [
                "sha256:8fc363e0b7407a9397e660ef81e1634e4504faaeb6ad1d2416da4c38d29a0f45",
                "sha256:e1af71303d633af3376130b388e028342815cff74d2f3be4aeb22f3fd94325e6"
            ],
            "index": "pypi",
            "version": "==7.0.0rc1"
        },
        "pytest-asyncio": {
            "hashes": [
                "sha256:5f2a21273c47b331ae6aa5b36087047b4899e40f03f18397c0e65fa5cca54e9b",
                "sha256:7496c5977ce88c34379df64a66459fe395cd05543f0a2f837016e7144391fcfb"
            ],
            "index": "pypi",
            "version": "==0.16.0"
        },
        "pytest-cov": {
            "hashes": [
                "sha256:578d5d15ac4a25e5f961c938b85a05b09fdaae9deef3bb6de9a6e766622ca7a6",
                "sha256:e7f0f5b1617d2210a2cabc266dfe2f4c75a8d32fb89eafb7ad9d06f6d076d470"
            ],
            "index": "pypi",
            "version": "==3.0.0"
        },
        "pytest-mock": {
            "hashes": [
                "sha256:30c2f2cc9759e76eee674b81ea28c9f0b94f8f0445a1b87762cadf774f0df7e3",
                "sha256:40217a058c52a63f1042f0784f62009e976ba824c418cced42e88d5f40ab0e62"
            ],
            "index": "pypi",
            "version": "==3.6.1"
        },
        "python-dateutil": {
            "hashes": [
                "sha256:0123cacc1627ae19ddf3c27a5de5bd67ee4586fbdd6440d9748f8abb483d3e86",
                "sha256:961d03dc3453ebbc59dbdea9e4e11c5651520a876d0f4db161e8674aae935da9"
            ],
            "markers": "python_version >= '2.7' and python_version not in '3.0, 3.1, 3.2, 3.3'",
            "version": "==2.8.2"
        },
        "pyyaml": {
            "hashes": [
                "sha256:0283c35a6a9fbf047493e3a0ce8d79ef5030852c51e9d911a27badfde0605293",
                "sha256:055d937d65826939cb044fc8c9b08889e8c743fdc6a32b33e2390f66013e449b",
                "sha256:07751360502caac1c067a8132d150cf3d61339af5691fe9e87803040dbc5db57",
                "sha256:0b4624f379dab24d3725ffde76559cff63d9ec94e1736b556dacdfebe5ab6d4b",
                "sha256:0ce82d761c532fe4ec3f87fc45688bdd3a4c1dc5e0b4a19814b9009a29baefd4",
                "sha256:1e4747bc279b4f613a09eb64bba2ba602d8a6664c6ce6396a4d0cd413a50ce07",
                "sha256:213c60cd50106436cc818accf5baa1aba61c0189ff610f64f4a3e8c6726218ba",
                "sha256:231710d57adfd809ef5d34183b8ed1eeae3f76459c18fb4a0b373ad56bedcdd9",
                "sha256:277a0ef2981ca40581a47093e9e2d13b3f1fbbeffae064c1d21bfceba2030287",
                "sha256:2cd5df3de48857ed0544b34e2d40e9fac445930039f3cfe4bcc592a1f836d513",
                "sha256:40527857252b61eacd1d9af500c3337ba8deb8fc298940291486c465c8b46ec0",
                "sha256:473f9edb243cb1935ab5a084eb238d842fb8f404ed2193a915d1784b5a6b5fc0",
                "sha256:48c346915c114f5fdb3ead70312bd042a953a8ce5c7106d5bfb1a5254e47da92",
                "sha256:50602afada6d6cbfad699b0c7bb50d5ccffa7e46a3d738092afddc1f9758427f",
                "sha256:68fb519c14306fec9720a2a5b45bc9f0c8d1b9c72adf45c37baedfcd949c35a2",
                "sha256:77f396e6ef4c73fdc33a9157446466f1cff553d979bd00ecb64385760c6babdc",
                "sha256:819b3830a1543db06c4d4b865e70ded25be52a2e0631ccd2f6a47a2822f2fd7c",
                "sha256:897b80890765f037df3403d22bab41627ca8811ae55e9a722fd0392850ec4d86",
                "sha256:98c4d36e99714e55cfbaaee6dd5badbc9a1ec339ebfc3b1f52e293aee6bb71a4",
                "sha256:9df7ed3b3d2e0ecfe09e14741b857df43adb5a3ddadc919a2d94fbdf78fea53c",
                "sha256:9fa600030013c4de8165339db93d182b9431076eb98eb40ee068700c9c813e34",
                "sha256:a80a78046a72361de73f8f395f1f1e49f956c6be882eed58505a15f3e430962b",
                "sha256:b3d267842bf12586ba6c734f89d1f5b871df0273157918b0ccefa29deb05c21c",
                "sha256:b5b9eccad747aabaaffbc6064800670f0c297e52c12754eb1d976c57e4f74dcb",
                "sha256:c5687b8d43cf58545ade1fe3e055f70eac7a5a1a0bf42824308d868289a95737",
                "sha256:cba8c411ef271aa037d7357a2bc8f9ee8b58b9965831d9e51baf703280dc73d3",
                "sha256:d15a181d1ecd0d4270dc32edb46f7cb7733c7c508857278d3d378d14d606db2d",
                "sha256:d4db7c7aef085872ef65a8fd7d6d09a14ae91f691dec3e87ee5ee0539d516f53",
                "sha256:d4eccecf9adf6fbcc6861a38015c2a64f38b9d94838ac1810a9023a0609e1b78",
                "sha256:d67d839ede4ed1b28a4e8909735fc992a923cdb84e618544973d7dfc71540803",
                "sha256:daf496c58a8c52083df09b80c860005194014c3698698d1a57cbcfa182142a3a",
                "sha256:e61ceaab6f49fb8bdfaa0f92c4b57bcfbea54c09277b1b4f7ac376bfb7a7c174",
                "sha256:f84fbc98b019fef2ee9a1cb3ce93e3187a6df0b2538a651bfb890254ba9f90b5"
            ],
            "markers": "python_version >= '3.6'",
            "version": "==6.0"
        },
        "readme-renderer": {
            "hashes": [
                "sha256:a50a0f2123a4c1145ac6f420e1a348aafefcc9211c846e3d51df05fe3d865b7d",
                "sha256:b512beafa6798260c7d5af3e1b1f097e58bfcd9a575da7c4ddd5e037490a5b85"
            ],
            "markers": "python_version >= '3.6'",
            "version": "==32.0"
        },
        "requests": {
            "hashes": [
                "sha256:6c1246513ecd5ecd4528a0906f910e8f0f9c6b8ec72030dc9fd154dc1a6efd24",
                "sha256:b8aa58f8cf793ffd8782d3d8cb19e66ef36f7aba4353eec859e74678b01b07a7"
            ],
            "index": "pypi",
            "version": "==2.26.0"
        },
        "requests-mock": {
            "hashes": [
                "sha256:0a2d38a117c08bb78939ec163522976ad59a6b7fdd82b709e23bb98004a44970",
                "sha256:8d72abe54546c1fc9696fa1516672f1031d72a55a1d66c85184f972a24ba0eba"
            ],
            "index": "pypi",
            "version": "==1.9.3"
        },
        "requests-toolbelt": {
            "hashes": [
                "sha256:380606e1d10dc85c3bd47bf5a6095f815ec007be7a8b69c878507068df059e6f",
                "sha256:968089d4584ad4ad7c171454f0a5c6dac23971e9472521ea3b6d49d610aa6fc0"
            ],
            "version": "==0.9.1"
        },
        "rfc3986": {
            "hashes": [
                "sha256:270aaf10d87d0d4e095063c65bf3ddbc6ee3d0b226328ce21e036f946e421835",
                "sha256:a86d6e1f5b1dc238b218b012df0aa79409667bb209e58da56d0b94704e712a97"
            ],
            "version": "==1.5.0"
        },
        "six": {
            "hashes": [
                "sha256:1e61c37477a1626458e36f7b1d82aa5c9b094fa4802892072e49de9c60c4c926",
                "sha256:8abb2f1d86890a2dfb989f9a77cfcfd3e47c2a354b01111771326f8aa26e0254"
            ],
            "markers": "python_version >= '2.7' and python_version not in '3.0, 3.1, 3.2, 3.3'",
            "version": "==1.16.0"
        },
        "toml": {
            "hashes": [
                "sha256:806143ae5bfb6a3c6e736a764057db0e6a0e05e338b5630894a5f779cabb4f9b",
                "sha256:b3bda1d108d5dd99f4a20d24d9c348e91c4db7ab1b749200bded2f839ccbe68f"
            ],
            "markers": "python_version >= '2.6' and python_version not in '3.0, 3.1, 3.2, 3.3'",
            "version": "==0.10.2"
        },
        "tomli": {
            "hashes": [
                "sha256:05b6166bff487dc068d322585c7ea4ef78deed501cc124060e0f238e89a9231f",
                "sha256:e3069e4be3ead9668e21cb9b074cd948f7b3113fd9c8bba083f48247aab8b11c"
            ],
            "markers": "python_version >= '3.6'",
            "version": "==1.2.3"
        },
        "tox": {
            "hashes": [
                "sha256:67e0e32c90e278251fea45b696d0fef3879089ccbe979b0c556d35d5a70e2993",
                "sha256:be3362472a33094bce26727f5f771ca0facf6dafa217f65875314e9a6600c95c"
            ],
            "index": "pypi",
            "version": "==3.24.5"
        },
        "tqdm": {
            "hashes": [
                "sha256:8dd278a422499cd6b727e6ae4061c40b48fce8b76d1ccbf5d34fca9b7f925b0c",
                "sha256:d359de7217506c9851b7869f3708d8ee53ed70a1b8edbba4dbcb47442592920d"
            ],
            "markers": "python_version >= '2.7' and python_version not in '3.0, 3.1, 3.2, 3.3'",
            "version": "==4.62.3"
        },
        "twine": {
            "hashes": [
                "sha256:28460a3db6b4532bde6a5db6755cf2dce6c5020bada8a641bb2c5c7a9b1f35b8",
                "sha256:8c120845fc05270f9ee3e9d7ebbed29ea840e41f48cd059e04733f7e1d401345"
            ],
            "index": "pypi",
            "version": "==3.7.1"
        },
        "typing-extensions": {
            "hashes": [
                "sha256:4ca091dea149f945ec56afb48dae714f21e8692ef22a395223bcd328961b6a0e",
                "sha256:7f001e5ac290a0c0401508864c7ec868be4e701886d5b573a9528ed3973d9d3b"
            ],
            "markers": "python_version >= '3.6'",
            "version": "==4.0.1"
        },
        "urllib3": {
            "hashes": [
                "sha256:4987c65554f7a2dbf30c18fd48778ef124af6fab771a377103da0585e2336ece",
                "sha256:c4fdf4019605b6e5423637e01bc9fe4daef873709a7973e195ceba0a62bbc844"
            ],
            "markers": "python_version >= '2.7' and python_version not in '3.0, 3.1, 3.2, 3.3, 3.4' and python_version < '4'",
            "version": "==1.26.7"
        },
        "virtualenv": {
            "hashes": [
                "sha256:7f9e9c2e878d92a434e760058780b8d67a7c5ec016a66784fe4b0d5e50a4eb5c",
                "sha256:efd556cec612fd826dc7ef8ce26a6e4ba2395f494244919acd135fb5ceffa809"
            ],
            "markers": "python_version >= '2.7' and python_version not in '3.0, 3.1, 3.2, 3.3, 3.4'",
            "version": "==20.11.2"
        },
        "webencodings": {
            "hashes": [
                "sha256:a0af1213f3c2226497a97e2b3aa01a7e4bee4f403f95be16fc9acd2947514a78",
                "sha256:b36a1c245f2d304965eb4e0a82848379241dc04b865afcc4aab16748587e1923"
            ],
            "version": "==0.5.1"
        },
        "wrapt": {
            "hashes": [
                "sha256:b62ffa81fb85f4332a4f609cab4ac40709470da05643a082ec1eb88e6d9b97d7"
            ],
            "markers": "python_version >= '2.7' and python_version not in '3.0, 3.1, 3.2, 3.3, 3.4'",
            "version": "==1.12.1"
        },
        "zipp": {
            "hashes": [
                "sha256:71c644c5369f4a6e07636f0aa966270449561fcea2e3d6747b8d23efaa9d7832",
                "sha256:9fe5ea21568a0a70e50f273397638d39b03353731e6cbbb3fd8502a33fec40bc"
            ],
            "markers": "python_version >= '3.6'",
            "version": "==3.6.0"
        }
    }
}
